
Microsoft Visual Studio Solution File, Format Version 12.00
# Visual Studio Version 17
VisualStudioVersion = 17.13.35825.156 d17.13
MinimumVisualStudioVersion = 10.0.40219.1
Project("{FAE04EC0-301F-11D3-BF4B-00C04F79EFBC}") = "VibeCheck.PL", "VibeCheck.PL\VibeCheck.PL.csproj", "{7DCB318E-FA5C-470A-B854-B762F7FCCED5}"
EndProject
Project("{FAE04EC0-301F-11D3-BF4B-00C04F79EFBC}") = "VibeCheck.DAL", "VibeCheck.DAL\VibeCheck.DAL.csproj", "{BE55426F-4DF1-4608-B1AB-C891768BDD92}"
EndProject
Project("{FAE04EC0-301F-11D3-BF4B-00C04F79EFBC}") = "VibeCheck.BL", "VibeCheck.BL\VibeCheck.BL.csproj", "{8F1F9681-CAE1-429D-ACB7-D718DD113F12}"
EndProject
Global
	GlobalSection(SolutionConfigurationPlatforms) = preSolution
		Debug|Any CPU = Debug|Any CPU
		Release|Any CPU = Release|Any CPU
	EndGlobalSection
	GlobalSection(ProjectConfigurationPlatforms) = postSolution
		{7DCB318E-FA5C-470A-B854-B762F7FCCED5}.Debug|Any CPU.ActiveCfg = Debug|Any CPU
		{7DCB318E-FA5C-470A-B854-B762F7FCCED5}.Debug|Any CPU.Build.0 = Debug|Any CPU
		{7DCB318E-FA5C-470A-B854-B762F7FCCED5}.Release|Any CPU.ActiveCfg = Release|Any CPU
		{7DCB318E-FA5C-470A-B854-B762F7FCCED5}.Release|Any CPU.Build.0 = Release|Any CPU
		{BE55426F-4DF1-4608-B1AB-C891768BDD92}.Debug|Any CPU.ActiveCfg = Debug|Any CPU
		{BE55426F-4DF1-4608-B1AB-C891768BDD92}.Debug|Any CPU.Build.0 = Debug|Any CPU
		{BE55426F-4DF1-4608-B1AB-C891768BDD92}.Release|Any CPU.ActiveCfg = Release|Any CPU
		{BE55426F-4DF1-4608-B1AB-C891768BDD92}.Release|Any CPU.Build.0 = Release|Any CPU
		{8F1F9681-CAE1-429D-ACB7-D718DD113F12}.Debug|Any CPU.ActiveCfg = Debug|Any CPU
		{8F1F9681-CAE1-429D-ACB7-D718DD113F12}.Debug|Any CPU.Build.0 = Debug|Any CPU
		{8F1F9681-CAE1-429D-ACB7-D718DD113F12}.Release|Any CPU.ActiveCfg = Release|Any CPU
		{8F1F9681-CAE1-429D-ACB7-D718DD113F12}.Release|Any CPU.Build.0 = Release|Any CPU
	EndGlobalSection
	GlobalSection(SolutionProperties) = preSolution
		HideSolutionNode = FALSE
	EndGlobalSection
	GlobalSection(ExtensibilityGlobals) = postSolution
		SolutionGuid = {AEE132A6-AD49-4D73-A49A-8F3965E87983}
	EndGlobalSection
EndGlobal
